{
  "nodes": {
    "home-manager": {
      "inputs": {
        "nixpkgs": [
          "nixpkgs"
        ]
      },
      "locked": {
        "lastModified": 1763416652,
        "narHash": "sha256-8EBEEvtzQ11LCxpQHMNEBQAGtQiCu/pqP9zSovDSbNM=",
        "owner": "nix-community",
        "repo": "home-manager",
        "rev": "ea164b7c9ccdc2321379c2ff78fd4317b4c41312",
        "type": "github"
      },
      "original": {
        "owner": "nix-community",
        "repo": "home-manager",
        "type": "github"
      }
    },
    "hyprlang": {
      "inputs": {
        "hyprutils": [
          "hyprqt6engine",
          "hyprutils"
        ],
        "nixpkgs": [
          "hyprqt6engine",
          "nixpkgs"
        ],
        "systems": [
          "hyprqt6engine",
          "systems"
        ]
      },
      "locked": {
        "lastModified": 1756810301,
        "narHash": "sha256-wgZ3VW4VVtjK5dr0EiK9zKdJ/SOqGIBXVG85C3LVxQA=",
        "owner": "hyprwm",
        "repo": "hyprlang",
        "rev": "3d63fb4a42c819f198deabd18c0c2c1ded1de931",
        "type": "github"
      },
      "original": {
        "owner": "hyprwm",
        "repo": "hyprlang",
        "type": "github"
      }
    },
    "hyprqt6engine": {
      "inputs": {
        "hyprlang": "hyprlang",
        "hyprutils": "hyprutils",
        "nixpkgs": [
          "nixpkgs"
        ],
        "systems": "systems"
      },
      "locked": {
        "lastModified": 1759750919,
        "narHash": "sha256-HrRqfAxcuTjwXm6y2ShKgPJmUWaf8t050WlrAmGjsls=",
        "owner": "hyprwm",
        "repo": "hyprqt6engine",
        "rev": "7f5d00163e681e523e97ddb058bc1198fa5780d6",
        "type": "github"
      },
      "original": {
        "owner": "hyprwm",
        "repo": "hyprqt6engine",
        "type": "github"
      }
    },
    "hyprutils": {
      "inputs": {
        "nixpkgs": [
          "hyprqt6engine",
          "nixpkgs"
        ],
        "systems": [
          "hyprqt6engine",
          "systems"
        ]
      },
      "locked": {
        "lastModified": 1756117388,
        "narHash": "sha256-oRDel6pNl/T2tI+nc/USU9ZP9w08dxtl7hiZxa0C/Wc=",
        "owner": "hyprwm",
        "repo": "hyprutils",
        "rev": "b2ae3204845f5f2f79b4703b441252d8ad2ecfd0",
        "type": "github"
      },
      "original": {
        "owner": "hyprwm",
        "repo": "hyprutils",
        "type": "github"
      }
    },
    "nixpkgs": {
      "locked": {
        "lastModified": 1763421233,
        "narHash": "sha256-Stk9ZYRkGrnnpyJ4eqt9eQtdFWRRIvMxpNRf4sIegnw=",
        "owner": "nixos",
        "repo": "nixpkgs",
        "rev": "89c2b2330e733d6cdb5eae7b899326930c2c0648",
        "type": "github"
      },
      "original": {
        "owner": "nixos",
        "ref": "nixos-unstable",
        "repo": "nixpkgs",
        "type": "github"
      }
    },
    "root": {
      "inputs": {
        "home-manager": "home-manager",
        "hyprqt6engine": "hyprqt6engine",
        "nixpkgs": "nixpkgs"
      }
    },
    "systems": {
      "locked": {
        "lastModified": 1689347949,
        "narHash": "sha256-12tWmuL2zgBgZkdoB6qXZsgJEH9LR3oUgpaQq2RbI80=",
        "owner": "nix-systems",
        "repo": "default-linux",
        "rev": "31732fcf5e8fea42e59c2488ad31a0e651500f68",
        "type": "github"
      },
      "original": {
        "owner": "nix-systems",
        "repo": "default-linux",
        "type": "github"
      }
    }
  },
  "root": "root",
  "version": 7
}
